
Microsoft Visual Studio Solution File, Format Version 12.00
# Visual Studio Version 16
VisualStudioVersion = 16.0.31729.503
MinimumVisualStudioVersion = 10.0.40219.1
Project("{8BC9CEB8-8B4A-11D0-8D11-00A0C91BC942}") = "Arduino", "Arduino\Arduino.vcxproj", "{C5F80730-F44F-4478-BDAE-6634EFC2CA88}"
EndProject
Project("{8BC9CEB8-8B4A-11D0-8D11-00A0C91BC942}") = "Computer", "Computer\Computer.vcxproj", "{D156DB89-05C9-4FB8-9EAA-D1B672E9F7EE}"
EndProject
Project("{8BC9CEB8-8B4A-11D0-8D11-00A0C91BC942}") = "Dynamixel2Arduino-0.4.9", "Arduino\Libraries\Dynamixel2Arduino\0.4.9\Dynamixel2Arduino\Dynamixel2Arduino-0.4.9.vcxitems", "{E6EA743D-DA0A-40BE-B2C0-95D0C20D89AC}"
EndProject
Project("{8BC9CEB8-8B4A-11D0-8D11-00A0C91BC942}") = "DynamixelShield-0.2.4", "Arduino\Libraries\DynamixelShield\0.2.4\DynamixelShield\DynamixelShield-0.2.4.vcxitems", "{F98D40C7-8B00-45C4-BE85-0977726D3488}"
EndProject
Global
	GlobalSection(SharedMSBuildProjectFiles) = preSolution
		Arduino\Libraries\Dynamixel2Arduino\0.4.9\Dynamixel2Arduino\Dynamixel2Arduino-0.4.9.vcxitems*{c5f80730-f44f-4478-bdae-6634efc2ca88}*SharedItemsImports = 4
		Arduino\Libraries\DynamixelShield\0.2.4\DynamixelShield\DynamixelShield-0.2.4.vcxitems*{c5f80730-f44f-4478-bdae-6634efc2ca88}*SharedItemsImports = 4
		Arduino\Libraries\Dynamixel2Arduino\0.4.9\Dynamixel2Arduino\Dynamixel2Arduino-0.4.9.vcxitems*{e6ea743d-da0a-40be-b2c0-95d0c20d89ac}*SharedItemsImports = 9
		Arduino\Libraries\DynamixelShield\0.2.4\DynamixelShield\DynamixelShield-0.2.4.vcxitems*{f98d40c7-8b00-45c4-be85-0977726d3488}*SharedItemsImports = 9
	EndGlobalSection
	GlobalSection(SolutionConfigurationPlatforms) = preSolution
		Debug|x64 = Debug|x64
		Debug|x86 = Debug|x86
		Release|x64 = Release|x64
		Release|x86 = Release|x86
	EndGlobalSection
	GlobalSection(ProjectConfigurationPlatforms) = postSolution
		{C5F80730-F44F-4478-BDAE-6634EFC2CA88}.Debug|x64.ActiveCfg = Debug|Win32
		{C5F80730-F44F-4478-BDAE-6634EFC2CA88}.Debug|x64.Build.0 = Debug|Win32
		{C5F80730-F44F-4478-BDAE-6634EFC2CA88}.Debug|x86.ActiveCfg = Debug|Win32
		{C5F80730-F44F-4478-BDAE-6634EFC2CA88}.Debug|x86.Build.0 = Debug|Win32
		{C5F80730-F44F-4478-BDAE-6634EFC2CA88}.Release|x64.ActiveCfg = Release|Win32
		{C5F80730-F44F-4478-BDAE-6634EFC2CA88}.Release|x86.ActiveCfg = Release|Win32
		{C5F80730-F44F-4478-BDAE-6634EFC2CA88}.Release|x86.Build.0 = Release|Win32
		{D156DB89-05C9-4FB8-9EAA-D1B672E9F7EE}.Debug|x64.ActiveCfg = Debug|x64
		{D156DB89-05C9-4FB8-9EAA-D1B672E9F7EE}.Debug|x64.Build.0 = Debug|x64
		{D156DB89-05C9-4FB8-9EAA-D1B672E9F7EE}.Debug|x86.ActiveCfg = Debug|Win32
		{D156DB89-05C9-4FB8-9EAA-D1B672E9F7EE}.Debug|x86.Build.0 = Debug|Win32
		{D156DB89-05C9-4FB8-9EAA-D1B672E9F7EE}.Release|x64.ActiveCfg = Release|x64
		{D156DB89-05C9-4FB8-9EAA-D1B672E9F7EE}.Release|x64.Build.0 = Release|x64
		{D156DB89-05C9-4FB8-9EAA-D1B672E9F7EE}.Release|x86.ActiveCfg = Release|Win32
		{D156DB89-05C9-4FB8-9EAA-D1B672E9F7EE}.Release|x86.Build.0 = Release|Win32
	EndGlobalSection
	GlobalSection(SolutionProperties) = preSolution
		HideSolutionNode = FALSE
	EndGlobalSection
	GlobalSection(ExtensibilityGlobals) = postSolution
		SolutionGuid = {A7D52685-7344-47D0-B66D-8FA18D58894D}
	EndGlobalSection
EndGlobal
